
Microsoft Visual Studio Solution File, Format Version 12.00
# Visual Studio Version 17
VisualStudioVersion = 17.5.002.0
MinimumVisualStudioVersion = 10.0.40219.1
Project("{2150E333-8FDC-42A3-9474-1A3956D46DE8}") = "week01", "week01", "{A0D0038A-6681-4A5F-BC6E-2323F7B30032}"
EndProject
Project("{9A19103F-16F7-4668-BE54-9A1E7A4F7556}") = "code", "week01\code\code.csproj", "{CACD1B8C-3CDF-4ADC-B29F-5F29774B70A0}"
EndProject
Project("{9A19103F-16F7-4668-BE54-9A1E7A4F7556}") = "analyze", "week01\analyze\analyze.csproj", "{46F98B13-469B-4BD5-A300-9BCBC36FDBA6}"
EndProject
Project("{9A19103F-16F7-4668-BE54-9A1E7A4F7556}") = "teach", "week01\teach\teach.csproj", "{B52D5177-160D-4F38-8103-6F84334782C2}"
EndProject
Project("{2150E333-8FDC-42A3-9474-1A3956D46DE8}") = "week06", "week06", "{36697E0D-9811-431B-A3D1-225FA398E4F3}"
EndProject
Project("{9A19103F-16F7-4668-BE54-9A1E7A4F7556}") = "code", "week06\code\code.csproj", "{CECDD023-A161-41FD-9B61-ED5620253086}"
EndProject
Project("{2150E333-8FDC-42A3-9474-1A3956D46DE8}") = "sandbox", "sandbox", "{579A820E-40E4-45FA-8ED2-75C238AFC744}"
EndProject
Project("{9A19103F-16F7-4668-BE54-9A1E7A4F7556}") = "sandbox_project", "sandbox\sandbox_project\sandbox_project.csproj", "{ECD9077B-4E03-4E6D-9705-9277783F17A9}"
EndProject
Project("{2150E333-8FDC-42A3-9474-1A3956D46DE8}") = "week05", "week05", "{747E593B-9013-4625-919B-67E01F521855}"
EndProject
Project("{9A19103F-16F7-4668-BE54-9A1E7A4F7556}") = "code", "week05\code\code.csproj", "{68125E07-C9A9-4931-8640-5A032A6D9AB1}"
EndProject
Project("{2150E333-8FDC-42A3-9474-1A3956D46DE8}") = "week02", "week02", "{5292F90C-B8D1-4918-A9C4-2C591BFC5B69}"
EndProject
Project("{9A19103F-16F7-4668-BE54-9A1E7A4F7556}") = "learn", "week02\learn\learn.csproj", "{8A48DF79-FAD1-483F-AC23-E4F130A95998}"
EndProject
Project("{9A19103F-16F7-4668-BE54-9A1E7A4F7556}") = "code", "week02\code\code.csproj", "{C80C1542-0FA5-4F45-B3D5-C6775B6C0968}"
EndProject
Project("{9A19103F-16F7-4668-BE54-9A1E7A4F7556}") = "analyze", "week02\analyze\analyze.csproj", "{701ED2DB-296E-4559-9CD8-4D9642B60637}"
EndProject
Project("{9A19103F-16F7-4668-BE54-9A1E7A4F7556}") = "teach", "week02\teach\teach.csproj", "{AB0098D4-5DD0-4A26-8B52-3482BB093E55}"
EndProject
Project("{2150E333-8FDC-42A3-9474-1A3956D46DE8}") = "week03", "week03", "{D9E55431-3554-4DD0-9165-2BFD0A245C68}"
EndProject
Project("{9A19103F-16F7-4668-BE54-9A1E7A4F7556}") = "learn", "week03\learn\learn.csproj", "{08934169-6CBB-4A45-8D92-120579511CD6}"
EndProject
Project("{9A19103F-16F7-4668-BE54-9A1E7A4F7556}") = "code", "week03\code\code.csproj", "{0150255E-02C1-48BA-A873-CBA29D1D4959}"
EndProject
Project("{9A19103F-16F7-4668-BE54-9A1E7A4F7556}") = "teach", "week03\teach\teach.csproj", "{8BB0EA39-11C9-4CB8-A3BD-16B5072CEFAB}"
EndProject
Project("{2150E333-8FDC-42A3-9474-1A3956D46DE8}") = "week04", "week04", "{9FD3A202-98D5-4F18-A232-56E8638FD407}"
EndProject
Project("{9A19103F-16F7-4668-BE54-9A1E7A4F7556}") = "code", "week04\code\code.csproj", "{63B77992-6880-4201-BDB4-B12A85884E30}"
EndProject
Global
	GlobalSection(SolutionConfigurationPlatforms) = preSolution
		Debug|Any CPU = Debug|Any CPU
		Release|Any CPU = Release|Any CPU
	EndGlobalSection
	GlobalSection(ProjectConfigurationPlatforms) = postSolution
		{CACD1B8C-3CDF-4ADC-B29F-5F29774B70A0}.Debug|Any CPU.ActiveCfg = Debug|Any CPU
		{CACD1B8C-3CDF-4ADC-B29F-5F29774B70A0}.Debug|Any CPU.Build.0 = Debug|Any CPU
		{CACD1B8C-3CDF-4ADC-B29F-5F29774B70A0}.Release|Any CPU.ActiveCfg = Release|Any CPU
		{CACD1B8C-3CDF-4ADC-B29F-5F29774B70A0}.Release|Any CPU.Build.0 = Release|Any CPU
		{46F98B13-469B-4BD5-A300-9BCBC36FDBA6}.Debug|Any CPU.ActiveCfg = Debug|Any CPU
		{46F98B13-469B-4BD5-A300-9BCBC36FDBA6}.Debug|Any CPU.Build.0 = Debug|Any CPU
		{46F98B13-469B-4BD5-A300-9BCBC36FDBA6}.Release|Any CPU.ActiveCfg = Release|Any CPU
		{46F98B13-469B-4BD5-A300-9BCBC36FDBA6}.Release|Any CPU.Build.0 = Release|Any CPU
		{B52D5177-160D-4F38-8103-6F84334782C2}.Debug|Any CPU.ActiveCfg = Debug|Any CPU
		{B52D5177-160D-4F38-8103-6F84334782C2}.Debug|Any CPU.Build.0 = Debug|Any CPU
		{B52D5177-160D-4F38-8103-6F84334782C2}.Release|Any CPU.ActiveCfg = Release|Any CPU
		{B52D5177-160D-4F38-8103-6F84334782C2}.Release|Any CPU.Build.0 = Release|Any CPU
		{CECDD023-A161-41FD-9B61-ED5620253086}.Debug|Any CPU.ActiveCfg = Debug|Any CPU
		{CECDD023-A161-41FD-9B61-ED5620253086}.Debug|Any CPU.Build.0 = Debug|Any CPU
		{CECDD023-A161-41FD-9B61-ED5620253086}.Release|Any CPU.ActiveCfg = Release|Any CPU
		{CECDD023-A161-41FD-9B61-ED5620253086}.Release|Any CPU.Build.0 = Release|Any CPU
		{ECD9077B-4E03-4E6D-9705-9277783F17A9}.Debug|Any CPU.ActiveCfg = Debug|Any CPU
		{ECD9077B-4E03-4E6D-9705-9277783F17A9}.Debug|Any CPU.Build.0 = Debug|Any CPU
		{ECD9077B-4E03-4E6D-9705-9277783F17A9}.Release|Any CPU.ActiveCfg = Release|Any CPU
		{ECD9077B-4E03-4E6D-9705-9277783F17A9}.Release|Any CPU.Build.0 = Release|Any CPU
		{68125E07-C9A9-4931-8640-5A032A6D9AB1}.Debug|Any CPU.ActiveCfg = Debug|Any CPU
		{68125E07-C9A9-4931-8640-5A032A6D9AB1}.Debug|Any CPU.Build.0 = Debug|Any CPU
		{68125E07-C9A9-4931-8640-5A032A6D9AB1}.Release|Any CPU.ActiveCfg = Release|Any CPU
		{68125E07-C9A9-4931-8640-5A032A6D9AB1}.Release|Any CPU.Build.0 = Release|Any CPU
		{8A48DF79-FAD1-483F-AC23-E4F130A95998}.Debug|Any CPU.ActiveCfg = Debug|Any CPU
		{8A48DF79-FAD1-483F-AC23-E4F130A95998}.Debug|Any CPU.Build.0 = Debug|Any CPU
		{8A48DF79-FAD1-483F-AC23-E4F130A95998}.Release|Any CPU.ActiveCfg = Release|Any CPU
		{8A48DF79-FAD1-483F-AC23-E4F130A95998}.Release|Any CPU.Build.0 = Release|Any CPU
		{C80C1542-0FA5-4F45-B3D5-C6775B6C0968}.Debug|Any CPU.ActiveCfg = Debug|Any CPU
		{C80C1542-0FA5-4F45-B3D5-C6775B6C0968}.Debug|Any CPU.Build.0 = Debug|Any CPU
		{C80C1542-0FA5-4F45-B3D5-C6775B6C0968}.Release|Any CPU.ActiveCfg = Release|Any CPU
		{C80C1542-0FA5-4F45-B3D5-C6775B6C0968}.Release|Any CPU.Build.0 = Release|Any CPU
		{701ED2DB-296E-4559-9CD8-4D9642B60637}.Debug|Any CPU.ActiveCfg = Debug|Any CPU
		{701ED2DB-296E-4559-9CD8-4D9642B60637}.Debug|Any CPU.Build.0 = Debug|Any CPU
		{701ED2DB-296E-4559-9CD8-4D9642B60637}.Release|Any CPU.ActiveCfg = Release|Any CPU
		{701ED2DB-296E-4559-9CD8-4D9642B60637}.Release|Any CPU.Build.0 = Release|Any CPU
		{AB0098D4-5DD0-4A26-8B52-3482BB093E55}.Debug|Any CPU.ActiveCfg = Debug|Any CPU
		{AB0098D4-5DD0-4A26-8B52-3482BB093E55}.Debug|Any CPU.Build.0 = Debug|Any CPU
		{AB0098D4-5DD0-4A26-8B52-3482BB093E55}.Release|Any CPU.ActiveCfg = Release|Any CPU
		{AB0098D4-5DD0-4A26-8B52-3482BB093E55}.Release|Any CPU.Build.0 = Release|Any CPU
		{08934169-6CBB-4A45-8D92-120579511CD6}.Debug|Any CPU.ActiveCfg = Debug|Any CPU
		{08934169-6CBB-4A45-8D92-120579511CD6}.Debug|Any CPU.Build.0 = Debug|Any CPU
		{08934169-6CBB-4A45-8D92-120579511CD6}.Release|Any CPU.ActiveCfg = Release|Any CPU
		{08934169-6CBB-4A45-8D92-120579511CD6}.Release|Any CPU.Build.0 = Release|Any CPU
		{0150255E-02C1-48BA-A873-CBA29D1D4959}.Debug|Any CPU.ActiveCfg = Debug|Any CPU
		{0150255E-02C1-48BA-A873-CBA29D1D4959}.Debug|Any CPU.Build.0 = Debug|Any CPU
		{0150255E-02C1-48BA-A873-CBA29D1D4959}.Release|Any CPU.ActiveCfg = Release|Any CPU
		{0150255E-02C1-48BA-A873-CBA29D1D4959}.Release|Any CPU.Build.0 = Release|Any CPU
		{8BB0EA39-11C9-4CB8-A3BD-16B5072CEFAB}.Debug|Any CPU.ActiveCfg = Debug|Any CPU
		{8BB0EA39-11C9-4CB8-A3BD-16B5072CEFAB}.Debug|Any CPU.Build.0 = Debug|Any CPU
		{8BB0EA39-11C9-4CB8-A3BD-16B5072CEFAB}.Release|Any CPU.ActiveCfg = Release|Any CPU
		{8BB0EA39-11C9-4CB8-A3BD-16B5072CEFAB}.Release|Any CPU.Build.0 = Release|Any CPU
		{63B77992-6880-4201-BDB4-B12A85884E30}.Debug|Any CPU.ActiveCfg = Debug|Any CPU
		{63B77992-6880-4201-BDB4-B12A85884E30}.Debug|Any CPU.Build.0 = Debug|Any CPU
		{63B77992-6880-4201-BDB4-B12A85884E30}.Release|Any CPU.ActiveCfg = Release|Any CPU
		{63B77992-6880-4201-BDB4-B12A85884E30}.Release|Any CPU.Build.0 = Release|Any CPU
	EndGlobalSection
	GlobalSection(SolutionProperties) = preSolution
		HideSolutionNode = FALSE
	EndGlobalSection
	GlobalSection(NestedProjects) = preSolution
		{CACD1B8C-3CDF-4ADC-B29F-5F29774B70A0} = {A0D0038A-6681-4A5F-BC6E-2323F7B30032}
		{46F98B13-469B-4BD5-A300-9BCBC36FDBA6} = {A0D0038A-6681-4A5F-BC6E-2323F7B30032}
		{B52D5177-160D-4F38-8103-6F84334782C2} = {A0D0038A-6681-4A5F-BC6E-2323F7B30032}
		{CECDD023-A161-41FD-9B61-ED5620253086} = {36697E0D-9811-431B-A3D1-225FA398E4F3}
		{ECD9077B-4E03-4E6D-9705-9277783F17A9} = {579A820E-40E4-45FA-8ED2-75C238AFC744}
		{68125E07-C9A9-4931-8640-5A032A6D9AB1} = {747E593B-9013-4625-919B-67E01F521855}
		{8A48DF79-FAD1-483F-AC23-E4F130A95998} = {5292F90C-B8D1-4918-A9C4-2C591BFC5B69}
		{C80C1542-0FA5-4F45-B3D5-C6775B6C0968} = {5292F90C-B8D1-4918-A9C4-2C591BFC5B69}
		{701ED2DB-296E-4559-9CD8-4D9642B60637} = {5292F90C-B8D1-4918-A9C4-2C591BFC5B69}
		{AB0098D4-5DD0-4A26-8B52-3482BB093E55} = {5292F90C-B8D1-4918-A9C4-2C591BFC5B69}
		{08934169-6CBB-4A45-8D92-120579511CD6} = {D9E55431-3554-4DD0-9165-2BFD0A245C68}
		{0150255E-02C1-48BA-A873-CBA29D1D4959} = {D9E55431-3554-4DD0-9165-2BFD0A245C68}
		{8BB0EA39-11C9-4CB8-A3BD-16B5072CEFAB} = {D9E55431-3554-4DD0-9165-2BFD0A245C68}
		{63B77992-6880-4201-BDB4-B12A85884E30} = {9FD3A202-98D5-4F18-A232-56E8638FD407}
	EndGlobalSection
	GlobalSection(ExtensibilityGlobals) = postSolution
		SolutionGuid = {91CBBAFD-BAE6-46DE-9600-CEE8DA514357}
	EndGlobalSection
EndGlobal
